// !$*UTF8*$!
{
	archiveVersion = 1;
	classes = {
	};
	objectVersion = 55;
	objects = {

/* Begin PBXBuildFile section */
		0A29B93C293C6C8F003D2DDC /* libstmrtp.a in Frameworks */ = {isa = PBXBuildFile; fileRef = 0A29B938293C6C80003D2DDC /* libstmrtp.a */; };
		0A6E4AB5293C609700B5963A /* AppDelegate.m in Sources */ = {isa = PBXBuildFile; fileRef = 0A6E4AB4293C609700B5963A /* AppDelegate.m */; };
		0A6E4AB8293C609700B5963A /* ViewController.m in Sources */ = {isa = PBXBuildFile; fileRef = 0A6E4AB7293C609700B5963A /* ViewController.m */; };
		0A6E4ABA293C609800B5963A /* Assets.xcassets in Resources */ = {isa = PBXBuildFile; fileRef = 0A6E4AB9293C609800B5963A /* Assets.xcassets */; };
		0A6E4ABD293C609800B5963A /* Main.storyboard in Resources */ = {isa = PBXBuildFile; fileRef = 0A6E4ABB293C609800B5963A /* Main.storyboard */; };
		0A6E4ABF293C609800B5963A /* main.m in Sources */ = {isa = PBXBuildFile; fileRef = 0A6E4ABE293C609800B5963A /* main.m */; };
		0A6E4AC8293C610A00B5963A /* RtpViewController.mm in Sources */ = {isa = PBXBuildFile; fileRef = 0A6E4AC7293C610A00B5963A /* RtpViewController.mm */; };
/* End PBXBuildFile section */

/* Begin PBXContainerItemProxy section */
		0A29B937293C6C80003D2DDC /* PBXContainerItemProxy */ = {
			isa = PBXContainerItemProxy;
			containerPortal = 0A29B931293C6C80003D2DDC /* stmrtp.xcodeproj */;
			proxyType = 2;
			remoteGlobalIDString = FD1F48D4A7AC4B68B8C87BFB;
			remoteInfo = stmrtp;
		};
		0A29B939293C6C8B003D2DDC /* PBXContainerItemProxy */ = {
			isa = PBXContainerItemProxy;
			containerPortal = 0A29B931293C6C80003D2DDC /* stmrtp.xcodeproj */;
			proxyType = 1;
			remoteGlobalIDString = 6042CC60B1E74D7BA15E6381;
			remoteInfo = stmrtp;
		};
/* End PBXContainerItemProxy section */

/* Begin PBXFileReference section */
		0A29B931293C6C80003D2DDC /* stmrtp.xcodeproj */ = {isa = PBXFileReference; lastKnownFileType = "wrapper.pb-project"; name = stmrtp.xcodeproj; path = ../../../../build/mac/stmrtp.xcodeproj; sourceTree = "<group>"; };
		0A6E4AB0293C609700B5963A /* rtpdemo.app */ = {isa = PBXFileReference; explicitFileType = wrapper.application; includeInIndex = 0; path = rtpdemo.app; sourceTree = BUILT_PRODUCTS_DIR; };
		0A6E4AB3293C609700B5963A /* AppDelegate.h */ = {isa = PBXFileReference; lastKnownFileType = sourcecode.c.h; path = AppDelegate.h; sourceTree = "<group>"; };
		0A6E4AB4293C609700B5963A /* AppDelegate.m */ = {isa = PBXFileReference; lastKnownFileType = sourcecode.c.objc; path = AppDelegate.m; sourceTree = "<group>"; };
		0A6E4AB6293C609700B5963A /* ViewController.h */ = {isa = PBXFileReference; lastKnownFileType = sourcecode.c.h; path = ViewController.h; sourceTree = "<group>"; };
		0A6E4AB7293C609700B5963A /* ViewController.m */ = {isa = PBXFileReference; lastKnownFileType = sourcecode.c.objc; path = ViewController.m; sourceTree = "<group>"; };
		0A6E4AB9293C609800B5963A /* Assets.xcassets */ = {isa = PBXFileReference; lastKnownFileType = folder.assetcatalog; path = Assets.xcassets; sourceTree = "<group>"; };
		0A6E4ABC293C609800B5963A /* Base */ = {isa = PBXFileReference; lastKnownFileType = file.storyboard; name = Base; path = Base.lproj/Main.storyboard; sourceTree = "<group>"; };
		0A6E4ABE293C609800B5963A /* main.m */ = {isa = PBXFileReference; lastKnownFileType = sourcecode.c.objc; path = main.m; sourceTree = "<group>"; };
		0A6E4AC0293C609800B5963A /* rtpdemo.entitlements */ = {isa = PBXFileReference; lastKnownFileType = text.plist.entitlements; path = rtpdemo.entitlements; sourceTree = "<group>"; };
		0A6E4AC6293C610A00B5963A /* RtpViewController.h */ = {isa = PBXFileReference; lastKnownFileType = sourcecode.c.h; path = RtpViewController.h; sourceTree = "<group>"; };
		0A6E4AC7293C610A00B5963A /* RtpViewController.mm */ = {isa = PBXFileReference; lastKnownFileType = sourcecode.cpp.objcpp; path = RtpViewController.mm; sourceTree = "<group>"; };
/* End PBXFileReference section */

/* Begin PBXFrameworksBuildPhase section */
		0A6E4AAD293C609700B5963A /* Frameworks */ = {
			isa = PBXFrameworksBuildPhase;
			buildActionMask = 2147483647;
			files = (
				0A29B93C293C6C8F003D2DDC /* libstmrtp.a in Frameworks */,
			);
			runOnlyForDeploymentPostprocessing = 0;
		};
/* End PBXFrameworksBuildPhase section */

/* Begin PBXGroup section */
		0A29B932293C6C80003D2DDC /* Products */ = {
			isa = PBXGroup;
			children = (
				0A29B938293C6C80003D2DDC /* libstmrtp.a */,
			);
			name = Products;
			sourceTree = "<group>";
		};
		0A29B93B293C6C8F003D2DDC /* Frameworks */ = {
			isa = PBXGroup;
			children = (
			);
			name = Frameworks;
			sourceTree = "<group>";
		};
		0A6E4AA7293C609700B5963A = {
			isa = PBXGroup;
			children = (
				0A6E4AB2293C609700B5963A /* rtpdemo */,
				0A6E4AB1293C609700B5963A /* Products */,
				0A29B93B293C6C8F003D2DDC /* Frameworks */,
			);
			sourceTree = "<group>";
		};
		0A6E4AB1293C609700B5963A /* Products */ = {
			isa = PBXGroup;
			children = (
				0A6E4AB0293C609700B5963A /* rtpdemo.app */,
			);
			name = Products;
			sourceTree = "<group>";
		};
		0A6E4AB2293C609700B5963A /* rtpdemo */ = {
			isa = PBXGroup;
			children = (
				0A29B931293C6C80003D2DDC /* stmrtp.xcodeproj */,
				0A6E4AB3293C609700B5963A /* AppDelegate.h */,
				0A6E4AB4293C609700B5963A /* AppDelegate.m */,
				0A6E4AB6293C609700B5963A /* ViewController.h */,
				0A6E4AB7293C609700B5963A /* ViewController.m */,
				0A6E4AC6293C610A00B5963A /* RtpViewController.h */,
				0A6E4AC7293C610A00B5963A /* RtpViewController.mm */,
				0A6E4AB9293C609800B5963A /* Assets.xcassets */,
				0A6E4ABB293C609800B5963A /* Main.storyboard */,
				0A6E4ABE293C609800B5963A /* main.m */,
				0A6E4AC0293C609800B5963A /* rtpdemo.entitlements */,
			);
			path = rtpdemo;
			sourceTree = "<group>";
		};
/* End PBXGroup section */

/* Begin PBXNativeTarget section */
		0A6E4AAF293C609700B5963A /* rtpdemo */ = {
			isa = PBXNativeTarget;
			buildConfigurationList = 0A6E4AC3293C609800B5963A /* Build configuration list for PBXNativeTarget "rtpdemo" */;
			buildPhases = (
				0A6E4AAC293C609700B5963A /* Sources */,
				0A6E4AAD293C609700B5963A /* Frameworks */,
				0A6E4AAE293C609700B5963A /* Resources */,
			);
			buildRules = (
			);
			dependencies = (
				0A29B93A293C6C8B003D2DDC /* PBXTargetDependency */,
			);
			name = rtpdemo;
			productName = rtpdemo;
			productReference = 0A6E4AB0293C609700B5963A /* rtpdemo.app */;
			productType = "com.apple.product-type.application";
		};
/* End PBXNativeTarget section */

/* Begin PBXProject section */
		0A6E4AA8293C609700B5963A /* Project object */ = {
			isa = PBXProject;
			attributes = {
				BuildIndependentTargetsInParallel = 1;
				LastUpgradeCheck = 1310;
				TargetAttributes = {
					0A6E4AAF293C609700B5963A = {
						CreatedOnToolsVersion = 13.1;
					};
				};
			};
			buildConfigurationList = 0A6E4AAB293C609700B5963A /* Build configuration list for PBXProject "rtpdemo" */;
			compatibilityVersion = "Xcode 13.0";
			developmentRegion = en;
			hasScannedForEncodings = 0;
			knownRegions = (
				en,
				Base,
			);
			mainGroup = 0A6E4AA7293C609700B5963A;
			productRefGroup = 0A6E4AB1293C609700B5963A /* Products */;
			projectDirPath = "";
			projectReferences = (
				{
					ProductGroup = 0A29B932293C6C80003D2DDC /* Products */;
					ProjectRef = 0A29B931293C6C80003D2DDC /* stmrtp.xcodeproj */;
				},
			);
			projectRoot = "";
			targets = (
				0A6E4AAF293C609700B5963A /* rtpdemo */,
			);
		};
/* End PBXProject section */

/* Begin PBXReferenceProxy section */
		0A29B938293C6C80003D2DDC /* libstmrtp.a */ = {
			isa = PBXReferenceProxy;
			fileType = archive.ar;
			path = libstmrtp.a;
			remoteRef = 0A29B937293C6C80003D2DDC /* PBXContainerItemProxy */;
			sourceTree = BUILT_PRODUCTS_DIR;
		};
/* End PBXReferenceProxy section */

/* Begin PBXResourcesBuildPhase section */
		0A6E4AAE293C609700B5963A /* Resources */ = {
			isa = PBXResourcesBuildPhase;
			buildActionMask = 2147483647;
			files = (
				0A6E4ABA293C609800B5963A /* Assets.xcassets in Resources */,
				0A6E4ABD293C609800B5963A /* Main.storyboard in Resources */,
			);
			runOnlyForDeploymentPostprocessing = 0;
		};
/* End PBXResourcesBuildPhase section */

/* Begin PBXSourcesBuildPhase section */
		0A6E4AAC293C609700B5963A /* Sources */ = {
			isa = PBXSourcesBuildPhase;
			buildActionMask = 2147483647;
			files = (
				0A6E4AB8293C609700B5963A /* ViewController.m in Sources */,
				0A6E4ABF293C609800B5963A /* main.m in Sources */,
				0A6E4AB5293C609700B5963A /* AppDelegate.m in Sources */,
				0A6E4AC8293C610A00B5963A /* RtpViewController.mm in Sources */,
			);
			runOnlyForDeploymentPostprocessing = 0;
		};
/* End PBXSourcesBuildPhase section */

/* Begin PBXTargetDependency section */
		0A29B93A293C6C8B003D2DDC /* PBXTargetDependency */ = {
			isa = PBXTargetDependency;
			name = stmrtp;
			targetProxy = 0A29B939293C6C8B003D2DDC /* PBXContainerItemProxy */;
		};
/* End PBXTargetDependency section */

/* Begin PBXVariantGroup section */
		0A6E4ABB293C609800B5963A /* Main.storyboard */ = {
			isa = PBXVariantGroup;
			children = (
				0A6E4ABC293C609800B5963A /* Base */,
			);
			name = Main.storyboard;
			sourceTree = "<group>";
		};
/* End PBXVariantGroup section */

/* Begin XCBuildConfiguration section */
		0A6E4AC1293C609800B5963A /* Debug */ = {
			isa = XCBuildConfiguration;
			buildSettings = {
				ALWAYS_SEARCH_USER_PATHS = NO;
				CLANG_ANALYZER_NONNULL = YES;
				CLANG_ANALYZER_NUMBER_OBJECT_CONVERSION = YES_AGGRESSIVE;
				CLANG_CXX_LANGUAGE_STANDARD = "gnu++17";
				CLANG_CXX_LIBRARY = "libc++";
				CLANG_ENABLE_MODULES = YES;
				CLANG_ENABLE_OBJC_ARC = YES;
				CLANG_ENABLE_OBJC_WEAK = YES;
				CLANG_WARN_BLOCK_CAPTURE_AUTORELEASING = YES;
				CLANG_WARN_BOOL_CONVERSION = YES;
				CLANG_WARN_COMMA = YES;
				CLANG_WARN_CONSTANT_CONVERSION = YES;
				CLANG_WARN_DEPRECATED_OBJC_IMPLEMENTATIONS = YES;
				CLANG_WARN_DIRECT_OBJC_ISA_USAGE = YES_ERROR;
				CLANG_WARN_DOCUMENTATION_COMMENTS = YES;
				CLANG_WARN_EMPTY_BODY = YES;
				CLANG_WARN_ENUM_CONVERSION = YES;
				CLANG_WARN_INFINITE_RECURSION = YES;
				CLANG_WARN_INT_CONVERSION = YES;
				CLANG_WARN_NON_LITERAL_NULL_CONVERSION = YES;
				CLANG_WARN_OBJC_IMPLICIT_RETAIN_SELF = YES;
				CLANG_WARN_OBJC_LITERAL_CONVERSION = YES;
				CLANG_WARN_OBJC_ROOT_CLASS = YES_ERROR;
				CLANG_WARN_QUOTED_INCLUDE_IN_FRAMEWORK_HEADER = YES;
				CLANG_WARN_RANGE_LOOP_ANALYSIS = YES;
				CLANG_WARN_STRICT_PROTOTYPES = YES;
				CLANG_WARN_SUSPICIOUS_MOVE = YES;
				CLANG_WARN_UNGUARDED_AVAILABILITY = YES_AGGRESSIVE;
				CLANG_WARN_UNREACHABLE_CODE = YES;
				CLANG_WARN__DUPLICATE_METHOD_MATCH = YES;
				COPY_PHASE_STRIP = NO;
				DEBUG_INFORMATION_FORMAT = dwarf;
				ENABLE_STRICT_OBJC_MSGSEND = YES;
				ENABLE_TESTABILITY = YES;
				GCC_C_LANGUAGE_STANDARD = gnu11;
				GCC_DYNAMIC_NO_PIC = NO;
				GCC_NO_COMMON_BLOCKS = YES;
				GCC_OPTIMIZATION_LEVEL = 0;
				GCC_PREPROCESSOR_DEFINITIONS = (
					"DEBUG=1",
					"$(inherited)",
				);
				GCC_WARN_64_TO_32_BIT_CONVERSION = YES;
				GCC_WARN_ABOUT_RETURN_TYPE = YES_ERROR;
				GCC_WARN_UNDECLARED_SELECTOR = YES;
				GCC_WARN_UNINITIALIZED_AUTOS = YES_AGGRESSIVE;
				GCC_WARN_UNUSED_FUNCTION = YES;
				GCC_WARN_UNUSED_VARIABLE = YES;
				MACOSX_DEPLOYMENT_TARGET = 10.10;
				MTL_ENABLE_DEBUG_INFO = INCLUDE_SOURCE;
				MTL_FAST_MATH = YES;
				ONLY_ACTIVE_ARCH = YES;
				SDKROOT = macosx;
			};
			name = Debug;
		};
		0A6E4AC2293C609800B5963A /* Release */ = {
			isa = XCBuildConfiguration;
			buildSettings = {
				ALWAYS_SEARCH_USER_PATHS = NO;
				CLANG_ANALYZER_NONNULL = YES;
				CLANG_ANALYZER_NUMBER_OBJECT_CONVERSION = YES_AGGRESSIVE;
				CLANG_CXX_LANGUAGE_STANDARD = "gnu++17";
				CLANG_CXX_LIBRARY = "libc++";
				CLANG_ENABLE_MODULES = YES;
				CLANG_ENABLE_OBJC_ARC = YES;
				CLANG_ENABLE_OBJC_WEAK = YES;
				CLANG_WARN_BLOCK_CAPTURE_AUTORELEASING = YES;
				CLANG_WARN_BOOL_CONVERSION = YES;
				CLANG_WARN_COMMA = YES;
				CLANG_WARN_CONSTANT_CONVERSION = YES;
				CLANG_WARN_DEPRECATED_OBJC_IMPLEMENTATIONS = YES;
				CLANG_WARN_DIRECT_OBJC_ISA_USAGE = YES_ERROR;
				CLANG_WARN_DOCUMENTATION_COMMENTS = YES;
				CLANG_WARN_EMPTY_BODY = YES;
				CLANG_WARN_ENUM_CONVERSION = YES;
				CLANG_WARN_INFINITE_RECURSION = YES;
				CLANG_WARN_INT_CONVERSION = YES;
				CLANG_WARN_NON_LITERAL_NULL_CONVERSION = YES;
				CLANG_WARN_OBJC_IMPLICIT_RETAIN_SELF = YES;
				CLANG_WARN_OBJC_LITERAL_CONVERSION = YES;
				CLANG_WARN_OBJC_ROOT_CLASS = YES_ERROR;
				CLANG_WARN_QUOTED_INCLUDE_IN_FRAMEWORK_HEADER = YES;
				CLANG_WARN_RANGE_LOOP_ANALYSIS = YES;
				CLANG_WARN_STRICT_PROTOTYPES = YES;
				CLANG_WARN_SUSPICIOUS_MOVE = YES;
				CLANG_WARN_UNGUARDED_AVAILABILITY = YES_AGGRESSIVE;
				CLANG_WARN_UNREACHABLE_CODE = YES;
				CLANG_WARN__DUPLICATE_METHOD_MATCH = YES;
				COPY_PHASE_STRIP = NO;
				DEBUG_INFORMATION_FORMAT = "dwarf-with-dsym";
				ENABLE_NS_ASSERTIONS = NO;
				ENABLE_STRICT_OBJC_MSGSEND = YES;
				GCC_C_LANGUAGE_STANDARD = gnu11;
				GCC_NO_COMMON_BLOCKS = YES;
				GCC_WARN_64_TO_32_BIT_CONVERSION = YES;
				GCC_WARN_ABOUT_RETURN_TYPE = YES_ERROR;
				GCC_WARN_UNDECLARED_SELECTOR = YES;
				GCC_WARN_UNINITIALIZED_AUTOS = YES_AGGRESSIVE;
				GCC_WARN_UNUSED_FUNCTION = YES;
				GCC_WARN_UNUSED_VARIABLE = YES;
				MACOSX_DEPLOYMENT_TARGET = 10.10;
				MTL_ENABLE_DEBUG_INFO = NO;
				MTL_FAST_MATH = YES;
				SDKROOT = macosx;
			};
			name = Release;
		};
		0A6E4AC4293C609800B5963A /* Debug */ = {
			isa = XCBuildConfiguration;
			buildSettings = {
				ASSETCATALOG_COMPILER_APPICON_NAME = AppIcon;
				ASSETCATALOG_COMPILER_GLOBAL_ACCENT_COLOR_NAME = AccentColor;
				CODE_SIGN_ENTITLEMENTS = rtpdemo/rtpdemo.entitlements;
				CODE_SIGN_STYLE = Automatic;
				COMBINE_HIDPI_IMAGES = YES;
				CURRENT_PROJECT_VERSION = 1;
				GENERATE_INFOPLIST_FILE = YES;
				INFOPLIST_KEY_NSHumanReadableCopyright = "";
				INFOPLIST_KEY_NSMainStoryboardFile = Main;
				INFOPLIST_KEY_NSPrincipalClass = NSApplication;
				LD_RUNPATH_SEARCH_PATHS = (
					"$(inherited)",
					"@executable_path/../Frameworks",
				);
				MARKETING_VERSION = 1.0;
				PRODUCT_BUNDLE_IDENTIFIER = com.stm.rtpdemo;
				PRODUCT_NAME = "$(TARGET_NAME)";
				SWIFT_EMIT_LOC_STRINGS = YES;
			};
			name = Debug;
		};
		0A6E4AC5293C609800B5963A /* Release */ = {
			isa = XCBuildConfiguration;
			buildSettings = {
				ASSETCATALOG_COMPILER_APPICON_NAME = AppIcon;
				ASSETCATALOG_COMPILER_GLOBAL_ACCENT_COLOR_NAME = AccentColor;
				CODE_SIGN_ENTITLEMENTS = rtpdemo/rtpdemo.entitlements;
				CODE_SIGN_STYLE = Automatic;
				COMBINE_HIDPI_IMAGES = YES;
				CURRENT_PROJECT_VERSION = 1;
				GENERATE_INFOPLIST_FILE = YES;
				INFOPLIST_KEY_NSHumanReadableCopyright = "";
				INFOPLIST_KEY_NSMainStoryboardFile = Main;
				INFOPLIST_KEY_NSPrincipalClass = NSApplication;
				LD_RUNPATH_SEARCH_PATHS = (
					"$(inherited)",
					"@executable_path/../Frameworks",
				);
				MARKETING_VERSION = 1.0;
				PRODUCT_BUNDLE_IDENTIFIER = com.stm.rtpdemo;
				PRODUCT_NAME = "$(TARGET_NAME)";
				SWIFT_EMIT_LOC_STRINGS = YES;
			};
			name = Release;
		};
/* End XCBuildConfiguration section */

/* Begin XCConfigurationList section */
		0A6E4AAB293C609700B5963A /* Build configuration list for PBXProject "rtpdemo" */ = {
			isa = XCConfigurationList;
			buildConfigurations = (
				0A6E4AC1293C609800B5963A /* Debug */,
				0A6E4AC2293C609800B5963A /* Release */,
			);
			defaultConfigurationIsVisible = 0;
			defaultConfigurationName = Release;
		};
		0A6E4AC3293C609800B5963A /* Build configuration list for PBXNativeTarget "rtpdemo" */ = {
			isa = XCConfigurationList;
			buildConfigurations = (
				0A6E4AC4293C609800B5963A /* Debug */,
				0A6E4AC5293C609800B5963A /* Release */,
			);
			defaultConfigurationIsVisible = 0;
			defaultConfigurationName = Release;
		};
/* End XCConfigurationList section */
	};
	rootObject = 0A6E4AA8293C609700B5963A /* Project object */;
}
